github.com/SherClockHolmes/webpush-go v1.1.0 h1:WjWbwo0Bf1Cbd8Yr0myrpYYlcN7VvQz/TVmUTjxL35g=
github.com/SherClockHolmes/webpush-go v1.1.0/go.mod h1:Jbd13H6kOFZubRMAaEHQS+e0EpP/aSHtLKeo9gsyO5k=
github.com/dgrijalva/jwt-go v3.2.0+incompatible h1:7qlOGliEKZXTDg6OTjfoBKDXWrumCAMpl/TFQ4/5kLM=
github.com/dgrijalva/jwt-go v3.2.0+incompatible/go.mod h1:E3ru+11k8xSBh+hMPgOLZmtrrCbhqsmaPHjLKYnJCaQ=
github.com/gorilla/mux v1.7.3 h1:gnP5JzjVOuiZD07fKKToCAOjS0yOpj/qPETTXCCS6hw=
github.com/gorilla/mux v1.7.3/go.mod h1:1lud6UwP+6orDFRuTfBEV8e9/aOM/c4fVVCaMa2zaAs=
github.com/louisevanderlith/droxolite v1.2.9 h1:5u2jYfLtUjGzss9uZRaUPPcthMUBi5hJpEimXtCdkx0=
github.com/louisevanderlith/droxolite v1.2.9/go.mod h1:4MGmNynabJT1TDKQO0lGxMv9TNoWQ3+b2W98wK/mESk=
github.com/louisevanderlith/droxolite v1.3.3 h1:mtsJx89n5twGORvg5skz7h1Yuh2x0WSkK+lLbQaGNkM=
github.com/louisevanderlith/droxolite v1.3.3/go.mod h1:4MGmNynabJT1TDKQO0lGxMv9TNoWQ3+b2W98wK/mESk=
github.com/louisevanderlith/droxolite v1.3.4 h1:k9Z0EBFHLBMGfmmsCYnwXZalKq0HJKzZLdQ2Ikpaimo=
github.com/louisevanderlith/droxolite v1.3.4/go.mod h1:4MGmNynabJT1TDKQO0lGxMv9TNoWQ3+b2W98wK/mESk=
github.com/louisevanderlith/droxolite v1.3.5 h1:8d5XFgYV8bK7pjsicVd15znqpr9gNS42tCs90SbbmqA=
github.com/louisevanderlith/droxolite v1.3.5/go.mod h1:4MGmNynabJT1TDKQO0lGxMv9TNoWQ3+b2W98wK/mESk=
github.com/louisevanderlith/droxolite v1.4.0 h1:uMtIgmDjqiIrVYLPZhsqZm3rgLgl/Y2U13qpPzs9T6g=
github.com/louisevanderlith/droxolite v1.4.0/go.mod h1:4MGmNynabJT1TDKQO0lGxMv9TNoWQ3+b2W98wK/mESk=
github.com/louisevanderlith/droxolite v1.4.1 h1:UFPs6BS/+XwXh67fyW4AUbzLASIciFh9h1JKpTBWT28=
github.com/louisevanderlith/droxolite v1.4.1/go.mod h1:4MGmNynabJT1TDKQO0lGxMv9TNoWQ3+b2W98wK/mESk=
github.com/louisevanderlith/droxolite v1.4.2 h1:fGUOBb30xP9v6asuH7tEYkG7IFlzzp88AaAMvw1uQac=
github.com/louisevanderlith/droxolite v1.4.2/go.mod h1:4MGmNynabJT1TDKQO0lGxMv9TNoWQ3+b2W98wK/mESk=
github.com/louisevanderlith/droxolite v1.4.3 h1:rZ+8V5ICfLd35trRBzvvupezB0SDIyQEo2/PrAg5w8I=
github.com/louisevanderlith/droxolite v1.4.3/go.mod h1:4MGmNynabJT1TDKQO0lGxMv9TNoWQ3+b2W98wK/mESk=
github.com/louisevanderlith/droxolite v1.4.6 h1:Zk+51+bSl3SZqdw5vWeJbCS9Y5VJySP7itK2RXql/PQ=
github.com/louisevanderlith/droxolite v1.4.6/go.mod h1:4MGmNynabJT1TDKQO0lGxMv9TNoWQ3+b2W98wK/mESk=
github.com/louisevanderlith/husk v0.6.25 h1:QfO71voenofBx8DC0pw8f1zy/S5fHfiBIY5oN/cnTbE=
github.com/louisevanderlith/husk v0.6.25/go.mod h1:FiREVNZW48kA++iCekTEqFLcpe1m31+FQhd1ePm0YLA=
github.com/rs/cors v1.6.0 h1:G9tHG9lebljV9mfp9SNPDL36nCDxmo3zTlAf1YgvzmI=
github.com/rs/cors v1.6.0/go.mod h1:gFx+x8UowdsKA9AchylcLynDq+nNFfI8FkUZdN/jGCU=
github.com/rs/cors v1.7.0 h1:+88SsELBHx5r+hZ8TCkggzSstaWNbDvThkVK8H6f9ik=
github.com/rs/cors v1.7.0/go.mod h1:gFx+x8UowdsKA9AchylcLynDq+nNFfI8FkUZdN/jGCU=
golang.org/x/crypto v0.0.0-20190131182504-b8fe1690c613/go.mod h1:6SG95UA2DQfeDnfUPMdvaQW0Q7yPrPDi9nlGo2tz2b4=
golang.org/x/crypto v0.0.0-20190308221718-c2843e01d9a2/go.mod h1:djNgcEr1/C05ACkg1iLfiJU5Ep61QUkGW8qpdssI0+w=
golang.org/x/crypto v0.0.0-20190701094942-4def268fd1a4 h1:HuIa8hRrWRSrqYzx1qI49NNxhdi2PrY7gxVSq1JjLDc=
golang.org/x/crypto v0.0.0-20190701094942-4def268fd1a4/go.mod h1:yigFU9vqHzYiE8UmvKecakEJjdnWj3jj499lnFckfCI=
golang.org/x/net v0.0.0-20190404232315-eb5bcb51f2a3/go.mod h1:t9HGtf8HONx5eT2rtn7q6eTqICYqUVnKs3thJo3Qplg=
golang.org/x/net v0.0.0-20190620200207-3b0461eec859/go.mod h1:z5CRVTTTmAJ677TzLLGU+0bjPO0LkuOLi4/5GtJWs/s=
golang.org/x/net v0.0.0-20190813141303-74dc4d7220e7/go.mod h1:z5CRVTTTmAJ677TzLLGU+0bjPO0LkuOLi4/5GtJWs/s=
golang.org/x/sync v0.0.0-20190423024810-112230192c58/go.mod h1:RxMgew5VJxzue5/jJTE5uejpjVlOe/izrB70Jof72aM=
golang.org/x/sys v0.0.0-20190215142949-d0b11bdaac8a/go.mod h1:STP8DvDyc/dI5b8T5hshtkjS+E42TnysNCUPdjciGhY=
golang.org/x/sys v0.0.0-20190412213103-97732733099d/go.mod h1:h1NjWce9XRLGQEsW7wpKNCjG9DtNlClVuFLEZdDNbEs=
golang.org/x/sys v0.0.0-20190813064441-fde4db37ae7a/go.mod h1:h1NjWce9XRLGQEsW7wpKNCjG9DtNlClVuFLEZdDNbEs=
golang.org/x/text v0.3.0/go.mod h1:NqM8EUOU14njkJ3fqMW+pc6Ldnwhi/IjpwHt7yyuwOQ=
golang.org/x/text v0.3.2/go.mod h1:bEr9sfX3Q8Zfm5fL9x+3itogRgK3+ptLWKqgva+5dAk=
golang.org/x/tools v0.0.0-20180917221912-90fa682c2a6e/go.mod h1:n7NCudcB/nEzxVGmLbDWY5pfWTLqBcC2KZ6jyYvM4mQ=
golang.org/x/tools v0.0.0-20190815144358-9065c182e3b6/go.mod h1:b+2E5dAYhXwXZwtnZ6UAqBI28+e2cm9otk0dWdXHAEo=
golang.org/x/xerrors v0.0.0-20190717185122-a985d3407aa7/go.mod h1:I/5z698sn9Ka8TeJc9MKroUUfqBBauWjQqLJ2OPfmY0=
