github.com/SherClockHolmes/webpush-go v1.1.0 h1:WjWbwo0Bf1Cbd8Yr0myrpYYlcN7VvQz/TVmUTjxL35g=
github.com/SherClockHolmes/webpush-go v1.1.0/go.mod h1:Jbd13H6kOFZubRMAaEHQS+e0EpP/aSHtLKeo9gsyO5k=
github.com/dgrijalva/jwt-go v3.2.0+incompatible h1:7qlOGliEKZXTDg6OTjfoBKDXWrumCAMpl/TFQ4/5kLM=
github.com/dgrijalva/jwt-go v3.2.0+incompatible/go.mod h1:E3ru+11k8xSBh+hMPgOLZmtrrCbhqsmaPHjLKYnJCaQ=
github.com/gorilla/mux v1.7.3 h1:gnP5JzjVOuiZD07fKKToCAOjS0yOpj/qPETTXCCS6hw=
github.com/gorilla/mux v1.7.3/go.mod h1:1lud6UwP+6orDFRuTfBEV8e9/aOM/c4fVVCaMa2zaAs=
github.com/louisevanderlith/droxolite v1.6.4 h1:dgb3qq7O1cP+h7mhyC6DUNB20+CdnEn0IB3Ng5L69G0=
github.com/louisevanderlith/droxolite v1.6.4/go.mod h1:QR1zrF+2ViV+b2X4MnqZHLqjI3H48G1GYwGQmtpRB08=
github.com/louisevanderlith/husk v0.6.26 h1:a1xVECvJCXiCwlp8cAiGafKxcl0sF8GFNWbpGmAadiM=
github.com/louisevanderlith/husk v0.6.26/go.mod h1:pGAPhpNC+raC0SvX2nR2+mDLUrmIJ+iyP6yt7SFQR+M=
github.com/louisevanderlith/husk v0.6.29 h1:zUei8C9eRoTvxewv25xsMLm3PdKJYg54ZjTemT18gdw=
github.com/louisevanderlith/husk v1.0.0 h1:iVuVHqF2mLtgI88NJBKbA1tUdOi/plXsRlFZIWYrUTs=
github.com/louisevanderlith/husk v1.0.0/go.mod h1:iEFeOL3LmBuXlHl3lhiq8yDfob2CNbv+p23ZjP5DORU=
github.com/rs/cors v1.6.0 h1:G9tHG9lebljV9mfp9SNPDL36nCDxmo3zTlAf1YgvzmI=
github.com/rs/cors v1.6.0/go.mod h1:gFx+x8UowdsKA9AchylcLynDq+nNFfI8FkUZdN/jGCU=
github.com/rs/cors v1.7.0 h1:+88SsELBHx5r+hZ8TCkggzSstaWNbDvThkVK8H6f9ik=
github.com/rs/cors v1.7.0/go.mod h1:gFx+x8UowdsKA9AchylcLynDq+nNFfI8FkUZdN/jGCU=
golang.org/x/crypto v0.0.0-20190131182504-b8fe1690c613/go.mod h1:6SG95UA2DQfeDnfUPMdvaQW0Q7yPrPDi9nlGo2tz2b4=
golang.org/x/crypto v0.0.0-20190308221718-c2843e01d9a2/go.mod h1:djNgcEr1/C05ACkg1iLfiJU5Ep61QUkGW8qpdssI0+w=
golang.org/x/crypto v0.0.0-20190701094942-4def268fd1a4 h1:HuIa8hRrWRSrqYzx1qI49NNxhdi2PrY7gxVSq1JjLDc=
golang.org/x/crypto v0.0.0-20190701094942-4def268fd1a4/go.mod h1:yigFU9vqHzYiE8UmvKecakEJjdnWj3jj499lnFckfCI=
golang.org/x/net v0.0.0-20190404232315-eb5bcb51f2a3/go.mod h1:t9HGtf8HONx5eT2rtn7q6eTqICYqUVnKs3thJo3Qplg=
golang.org/x/sys v0.0.0-20190215142949-d0b11bdaac8a/go.mod h1:STP8DvDyc/dI5b8T5hshtkjS+E42TnysNCUPdjciGhY=
golang.org/x/sys v0.0.0-20190412213103-97732733099d/go.mod h1:h1NjWce9XRLGQEsW7wpKNCjG9DtNlClVuFLEZdDNbEs=
golang.org/x/text v0.3.0/go.mod h1:NqM8EUOU14njkJ3fqMW+pc6Ldnwhi/IjpwHt7yyuwOQ=
